
Microsoft Visual Studio Solution File, Format Version 12.00
# Visual Studio 2013
VisualStudioVersion = 12.0.21005.1
MinimumVisualStudioVersion = 10.0.40219.1
Project("{FAE04EC0-301F-11D3-BF4B-00C04F79EFBC}") = "MARS-config", "MARS-config\MARS-config.csproj", "{7036F2C9-CE1C-4E66-B98B-0F95A9DE1DB9}"
EndProject
Project("{FAE04EC0-301F-11D3-BF4B-00C04F79EFBC}") = "MARS-meet", "MARS-meet\MARS-meet.csproj", "{440DBFDA-C7A8-41C1-9673-A023FFB599C9}"
EndProject
Project("{FAE04EC0-301F-11D3-BF4B-00C04F79EFBC}") = "MARS-website", "MARS-website\MARS-website.csproj", "{EDEC092E-0F2F-4CE1-A466-F78A188436FF}"
EndProject
Global
	GlobalSection(SolutionConfigurationPlatforms) = preSolution
		CD_ROM|Any CPU = CD_ROM|Any CPU
		CD_ROM|Mixed Platforms = CD_ROM|Mixed Platforms
		CD_ROM|x86 = CD_ROM|x86
		Debug|Any CPU = Debug|Any CPU
		Debug|Mixed Platforms = Debug|Mixed Platforms
		Debug|x86 = Debug|x86
		DVD-5|Any CPU = DVD-5|Any CPU
		DVD-5|Mixed Platforms = DVD-5|Mixed Platforms
		DVD-5|x86 = DVD-5|x86
		Release|Any CPU = Release|Any CPU
		Release|Mixed Platforms = Release|Mixed Platforms
		Release|x86 = Release|x86
		SingleImage|Any CPU = SingleImage|Any CPU
		SingleImage|Mixed Platforms = SingleImage|Mixed Platforms
		SingleImage|x86 = SingleImage|x86
	EndGlobalSection
	GlobalSection(ProjectConfigurationPlatforms) = postSolution
		{7036F2C9-CE1C-4E66-B98B-0F95A9DE1DB9}.CD_ROM|Any CPU.ActiveCfg = Release|Any CPU
		{7036F2C9-CE1C-4E66-B98B-0F95A9DE1DB9}.CD_ROM|Any CPU.Build.0 = Release|Any CPU
		{7036F2C9-CE1C-4E66-B98B-0F95A9DE1DB9}.CD_ROM|Mixed Platforms.ActiveCfg = Release|Any CPU
		{7036F2C9-CE1C-4E66-B98B-0F95A9DE1DB9}.CD_ROM|Mixed Platforms.Build.0 = Release|Any CPU
		{7036F2C9-CE1C-4E66-B98B-0F95A9DE1DB9}.CD_ROM|x86.ActiveCfg = Release|Any CPU
		{7036F2C9-CE1C-4E66-B98B-0F95A9DE1DB9}.Debug|Any CPU.ActiveCfg = Debug|Any CPU
		{7036F2C9-CE1C-4E66-B98B-0F95A9DE1DB9}.Debug|Any CPU.Build.0 = Debug|Any CPU
		{7036F2C9-CE1C-4E66-B98B-0F95A9DE1DB9}.Debug|Mixed Platforms.ActiveCfg = Debug|Any CPU
		{7036F2C9-CE1C-4E66-B98B-0F95A9DE1DB9}.Debug|Mixed Platforms.Build.0 = Debug|Any CPU
		{7036F2C9-CE1C-4E66-B98B-0F95A9DE1DB9}.Debug|x86.ActiveCfg = Debug|Any CPU
		{7036F2C9-CE1C-4E66-B98B-0F95A9DE1DB9}.DVD-5|Any CPU.ActiveCfg = Debug|Any CPU
		{7036F2C9-CE1C-4E66-B98B-0F95A9DE1DB9}.DVD-5|Any CPU.Build.0 = Debug|Any CPU
		{7036F2C9-CE1C-4E66-B98B-0F95A9DE1DB9}.DVD-5|Mixed Platforms.ActiveCfg = Debug|Any CPU
		{7036F2C9-CE1C-4E66-B98B-0F95A9DE1DB9}.DVD-5|Mixed Platforms.Build.0 = Debug|Any CPU
		{7036F2C9-CE1C-4E66-B98B-0F95A9DE1DB9}.DVD-5|x86.ActiveCfg = Debug|Any CPU
		{7036F2C9-CE1C-4E66-B98B-0F95A9DE1DB9}.Release|Any CPU.ActiveCfg = Release|Any CPU
		{7036F2C9-CE1C-4E66-B98B-0F95A9DE1DB9}.Release|Any CPU.Build.0 = Release|Any CPU
		{7036F2C9-CE1C-4E66-B98B-0F95A9DE1DB9}.Release|Mixed Platforms.ActiveCfg = Release|Any CPU
		{7036F2C9-CE1C-4E66-B98B-0F95A9DE1DB9}.Release|Mixed Platforms.Build.0 = Release|Any CPU
		{7036F2C9-CE1C-4E66-B98B-0F95A9DE1DB9}.Release|x86.ActiveCfg = Release|Any CPU
		{7036F2C9-CE1C-4E66-B98B-0F95A9DE1DB9}.SingleImage|Any CPU.ActiveCfg = Release|Any CPU
		{7036F2C9-CE1C-4E66-B98B-0F95A9DE1DB9}.SingleImage|Any CPU.Build.0 = Release|Any CPU
		{7036F2C9-CE1C-4E66-B98B-0F95A9DE1DB9}.SingleImage|Mixed Platforms.ActiveCfg = Release|Any CPU
		{7036F2C9-CE1C-4E66-B98B-0F95A9DE1DB9}.SingleImage|Mixed Platforms.Build.0 = Release|Any CPU
		{7036F2C9-CE1C-4E66-B98B-0F95A9DE1DB9}.SingleImage|x86.ActiveCfg = Release|Any CPU
		{440DBFDA-C7A8-41C1-9673-A023FFB599C9}.CD_ROM|Any CPU.ActiveCfg = Release|Any CPU
		{440DBFDA-C7A8-41C1-9673-A023FFB599C9}.CD_ROM|Any CPU.Build.0 = Release|Any CPU
		{440DBFDA-C7A8-41C1-9673-A023FFB599C9}.CD_ROM|Mixed Platforms.ActiveCfg = Release|Any CPU
		{440DBFDA-C7A8-41C1-9673-A023FFB599C9}.CD_ROM|Mixed Platforms.Build.0 = Release|Any CPU
		{440DBFDA-C7A8-41C1-9673-A023FFB599C9}.CD_ROM|x86.ActiveCfg = Release|Any CPU
		{440DBFDA-C7A8-41C1-9673-A023FFB599C9}.Debug|Any CPU.ActiveCfg = Debug|Any CPU
		{440DBFDA-C7A8-41C1-9673-A023FFB599C9}.Debug|Any CPU.Build.0 = Debug|Any CPU
		{440DBFDA-C7A8-41C1-9673-A023FFB599C9}.Debug|Mixed Platforms.ActiveCfg = Debug|Any CPU
		{440DBFDA-C7A8-41C1-9673-A023FFB599C9}.Debug|Mixed Platforms.Build.0 = Debug|Any CPU
		{440DBFDA-C7A8-41C1-9673-A023FFB599C9}.Debug|x86.ActiveCfg = Debug|Any CPU
		{440DBFDA-C7A8-41C1-9673-A023FFB599C9}.DVD-5|Any CPU.ActiveCfg = Debug|Any CPU
		{440DBFDA-C7A8-41C1-9673-A023FFB599C9}.DVD-5|Any CPU.Build.0 = Debug|Any CPU
		{440DBFDA-C7A8-41C1-9673-A023FFB599C9}.DVD-5|Mixed Platforms.ActiveCfg = Debug|Any CPU
		{440DBFDA-C7A8-41C1-9673-A023FFB599C9}.DVD-5|Mixed Platforms.Build.0 = Debug|Any CPU
		{440DBFDA-C7A8-41C1-9673-A023FFB599C9}.DVD-5|x86.ActiveCfg = Debug|Any CPU
		{440DBFDA-C7A8-41C1-9673-A023FFB599C9}.Release|Any CPU.ActiveCfg = Release|Any CPU
		{440DBFDA-C7A8-41C1-9673-A023FFB599C9}.Release|Any CPU.Build.0 = Release|Any CPU
		{440DBFDA-C7A8-41C1-9673-A023FFB599C9}.Release|Mixed Platforms.ActiveCfg = Release|Any CPU
		{440DBFDA-C7A8-41C1-9673-A023FFB599C9}.Release|Mixed Platforms.Build.0 = Release|Any CPU
		{440DBFDA-C7A8-41C1-9673-A023FFB599C9}.Release|x86.ActiveCfg = Release|Any CPU
		{440DBFDA-C7A8-41C1-9673-A023FFB599C9}.SingleImage|Any CPU.ActiveCfg = Release|Any CPU
		{440DBFDA-C7A8-41C1-9673-A023FFB599C9}.SingleImage|Any CPU.Build.0 = Release|Any CPU
		{440DBFDA-C7A8-41C1-9673-A023FFB599C9}.SingleImage|Mixed Platforms.ActiveCfg = Release|Any CPU
		{440DBFDA-C7A8-41C1-9673-A023FFB599C9}.SingleImage|Mixed Platforms.Build.0 = Release|Any CPU
		{440DBFDA-C7A8-41C1-9673-A023FFB599C9}.SingleImage|x86.ActiveCfg = Release|Any CPU
		{EDEC092E-0F2F-4CE1-A466-F78A188436FF}.CD_ROM|Any CPU.ActiveCfg = Release|Any CPU
		{EDEC092E-0F2F-4CE1-A466-F78A188436FF}.CD_ROM|Any CPU.Build.0 = Release|Any CPU
		{EDEC092E-0F2F-4CE1-A466-F78A188436FF}.CD_ROM|Mixed Platforms.ActiveCfg = Release|Any CPU
		{EDEC092E-0F2F-4CE1-A466-F78A188436FF}.CD_ROM|Mixed Platforms.Build.0 = Release|Any CPU
		{EDEC092E-0F2F-4CE1-A466-F78A188436FF}.CD_ROM|x86.ActiveCfg = Release|Any CPU
		{EDEC092E-0F2F-4CE1-A466-F78A188436FF}.Debug|Any CPU.ActiveCfg = Debug|Any CPU
		{EDEC092E-0F2F-4CE1-A466-F78A188436FF}.Debug|Any CPU.Build.0 = Debug|Any CPU
		{EDEC092E-0F2F-4CE1-A466-F78A188436FF}.Debug|Mixed Platforms.ActiveCfg = Debug|Any CPU
		{EDEC092E-0F2F-4CE1-A466-F78A188436FF}.Debug|Mixed Platforms.Build.0 = Debug|Any CPU
		{EDEC092E-0F2F-4CE1-A466-F78A188436FF}.Debug|x86.ActiveCfg = Debug|Any CPU
		{EDEC092E-0F2F-4CE1-A466-F78A188436FF}.DVD-5|Any CPU.ActiveCfg = Debug|Any CPU
		{EDEC092E-0F2F-4CE1-A466-F78A188436FF}.DVD-5|Any CPU.Build.0 = Debug|Any CPU
		{EDEC092E-0F2F-4CE1-A466-F78A188436FF}.DVD-5|Mixed Platforms.ActiveCfg = Debug|Any CPU
		{EDEC092E-0F2F-4CE1-A466-F78A188436FF}.DVD-5|Mixed Platforms.Build.0 = Debug|Any CPU
		{EDEC092E-0F2F-4CE1-A466-F78A188436FF}.DVD-5|x86.ActiveCfg = Debug|Any CPU
		{EDEC092E-0F2F-4CE1-A466-F78A188436FF}.Release|Any CPU.ActiveCfg = Release|Any CPU
		{EDEC092E-0F2F-4CE1-A466-F78A188436FF}.Release|Any CPU.Build.0 = Release|Any CPU
		{EDEC092E-0F2F-4CE1-A466-F78A188436FF}.Release|Mixed Platforms.ActiveCfg = Release|Any CPU
		{EDEC092E-0F2F-4CE1-A466-F78A188436FF}.Release|Mixed Platforms.Build.0 = Release|Any CPU
		{EDEC092E-0F2F-4CE1-A466-F78A188436FF}.Release|x86.ActiveCfg = Release|Any CPU
		{EDEC092E-0F2F-4CE1-A466-F78A188436FF}.SingleImage|Any CPU.ActiveCfg = Release|Any CPU
		{EDEC092E-0F2F-4CE1-A466-F78A188436FF}.SingleImage|Any CPU.Build.0 = Release|Any CPU
		{EDEC092E-0F2F-4CE1-A466-F78A188436FF}.SingleImage|Mixed Platforms.ActiveCfg = Release|Any CPU
		{EDEC092E-0F2F-4CE1-A466-F78A188436FF}.SingleImage|Mixed Platforms.Build.0 = Release|Any CPU
		{EDEC092E-0F2F-4CE1-A466-F78A188436FF}.SingleImage|x86.ActiveCfg = Release|Any CPU
	EndGlobalSection
	GlobalSection(SolutionProperties) = preSolution
		HideSolutionNode = FALSE
	EndGlobalSection
EndGlobal
